{
  "name": "vert-veine",
  "lockfileVersion": 3,
  "requires": true,
  "packages": {
    "": {
      "devDependencies": {
        "svelte-image-gallery": "^1.7.1"
      }
    },
    "node_modules/svelte-image-gallery": {
      "version": "1.7.1",
      "resolved": "https://registry.npmjs.org/svelte-image-gallery/-/svelte-image-gallery-1.7.1.tgz",
      "integrity": "sha512-8jAdrlieDQa3KeYw1Ua5MUuElBwL5a6WEr1l9h5HYIiUjrveLxJYjVrvjZH+CS+qmKkGwi0y03UHnpLSN9o12A==",
      "dev": true
    }
  }
}
